# This file is automatically @generated by Cargo.
# It is not intended for manual editing.
[[package]]
name = "anyhow"
version = "1.0.34"
source = "registry+https://github.com/rust-lang/crates.io-index"
checksum = "bf8dcb5b4bbaa28653b647d8c77bd4ed40183b48882e130c1f1ffb73de069fd7"

[[package]]
name = "bitfield-rle"
version = "0.2.0"
dependencies = [
 "anyhow",
 "varinteger",
]

[[package]]
name = "varinteger"
version = "1.0.6"
source = "registry+https://github.com/rust-lang/crates.io-index"
checksum = "7ea29db9f94ff08bb619656b8120878f280526f71dc88b5262c958a510181812"
